
Microsoft Visual Studio Solution File, Format Version 12.00
# Visual Studio Version 16
VisualStudioVersion = 16.0.31321.278
MinimumVisualStudioVersion = 10.0.40219.1
Project("{FAE04EC0-301F-11D3-BF4B-00C04F79EFBC}") = "Runnnnnnnnnn", "Runnnnnnnnnn\Runnnnnnnnnn.csproj", "{C3EFD596-B9ED-459F-AA65-D2897F58937F}"
EndProject
Global
	GlobalSection(SolutionConfigurationPlatforms) = preSolution
		Debug|Any CPU = Debug|Any CPU
		Release|Any CPU = Release|Any CPU
	EndGlobalSection
	GlobalSection(ProjectConfigurationPlatforms) = postSolution
		{C3EFD596-B9ED-459F-AA65-D2897F58937F}.Debug|Any CPU.ActiveCfg = Debug|Any CPU
		{C3EFD596-B9ED-459F-AA65-D2897F58937F}.Debug|Any CPU.Build.0 = Debug|Any CPU
		{C3EFD596-B9ED-459F-AA65-D2897F58937F}.Release|Any CPU.ActiveCfg = Release|Any CPU
		{C3EFD596-B9ED-459F-AA65-D2897F58937F}.Release|Any CPU.Build.0 = Release|Any CPU
	EndGlobalSection
	GlobalSection(SolutionProperties) = preSolution
		HideSolutionNode = FALSE
	EndGlobalSection
	GlobalSection(ExtensibilityGlobals) = postSolution
		SolutionGuid = {11895967-FCC6-4497-995F-CE555EAE1434}
	EndGlobalSection
EndGlobal
